
Microsoft Visual Studio Solution File, Format Version 12.00
# Visual Studio Version 17
VisualStudioVersion = 17.10.34928.147
MinimumVisualStudioVersion = 10.0.40219.1
Project("{FAE04EC0-301F-11D3-BF4B-00C04F79EFBC}") = "RPS_Game", "RPS_Game\RPS_Game.csproj", "{4AEA9519-FAF5-4552-A8C0-B52CAC224617}"
EndProject
Global
	GlobalSection(SolutionConfigurationPlatforms) = preSolution
		Debug|Any CPU = Debug|Any CPU
		Release|Any CPU = Release|Any CPU
	EndGlobalSection
	GlobalSection(ProjectConfigurationPlatforms) = postSolution
		{4AEA9519-FAF5-4552-A8C0-B52CAC224617}.Debug|Any CPU.ActiveCfg = Debug|Any CPU
		{4AEA9519-FAF5-4552-A8C0-B52CAC224617}.Debug|Any CPU.Build.0 = Debug|Any CPU
		{4AEA9519-FAF5-4552-A8C0-B52CAC224617}.Release|Any CPU.ActiveCfg = Release|Any CPU
		{4AEA9519-FAF5-4552-A8C0-B52CAC224617}.Release|Any CPU.Build.0 = Release|Any CPU
	EndGlobalSection
	GlobalSection(SolutionProperties) = preSolution
		HideSolutionNode = FALSE
	EndGlobalSection
	GlobalSection(ExtensibilityGlobals) = postSolution
		SolutionGuid = {C8C00EB1-3176-4CD9-A204-9E071DDD608F}
	EndGlobalSection
EndGlobal
